// !$*UTF8*$!
{
	archiveVersion = 1;
	classes = {
	};
	objectVersion = 55;
	objects = {

/* Begin PBXBuildFile section */
		5C4153DE28BA2CD5008996A3 /* GoogleService-Info.plist in Resources */ = {isa = PBXBuildFile; fileRef = 5C4153DD28BA2CD4008996A3 /* GoogleService-Info.plist */; };
		5C4153E328BA311E008996A3 /* CalculatorViewController.swift in Sources */ = {isa = PBXBuildFile; fileRef = 5C4153DF28BA311E008996A3 /* CalculatorViewController.swift */; };
		5C4153E428BA311E008996A3 /* UserDefaults.swift in Sources */ = {isa = PBXBuildFile; fileRef = 5C4153E128BA311E008996A3 /* UserDefaults.swift */; };
		5C4153E528BA311E008996A3 /* OViewController.swift in Sources */ = {isa = PBXBuildFile; fileRef = 5C4153E228BA311E008996A3 /* OViewController.swift */; };
		5C477F862891B3CE007B73E0 /* LiveCaptureController.swift in Sources */ = {isa = PBXBuildFile; fileRef = 5C477F852891B3CE007B73E0 /* LiveCaptureController.swift */; };
		5C477F8A2891D835007B73E0 /* SplashScreenViewController.swift in Sources */ = {isa = PBXBuildFile; fileRef = 5C477F892891D835007B73E0 /* SplashScreenViewController.swift */; };
		5C6C13F9288DC688007AFC38 /* AppDelegate.swift in Sources */ = {isa = PBXBuildFile; fileRef = 5C6C13F8288DC688007AFC38 /* AppDelegate.swift */; };
		5C6C13FB288DC688007AFC38 /* SceneDelegate.swift in Sources */ = {isa = PBXBuildFile; fileRef = 5C6C13FA288DC688007AFC38 /* SceneDelegate.swift */; };
		5C6C13FD288DC688007AFC38 /* ViewController.swift in Sources */ = {isa = PBXBuildFile; fileRef = 5C6C13FC288DC688007AFC38 /* ViewController.swift */; };
		5C6C1400288DC688007AFC38 /* Main.storyboard in Resources */ = {isa = PBXBuildFile; fileRef = 5C6C13FE288DC688007AFC38 /* Main.storyboard */; };
		5C6C1402288DC68C007AFC38 /* Assets.xcassets in Resources */ = {isa = PBXBuildFile; fileRef = 5C6C1401288DC68C007AFC38 /* Assets.xcassets */; };
		5C6C1405288DC68C007AFC38 /* LaunchScreen.storyboard in Resources */ = {isa = PBXBuildFile; fileRef = 5C6C1403288DC68C007AFC38 /* LaunchScreen.storyboard */; };
		5C6C140D288DC757007AFC38 /* DataManager.swift in Sources */ = {isa = PBXBuildFile; fileRef = 5C6C140C288DC757007AFC38 /* DataManager.swift */; };
		5C6C140F288DC77D007AFC38 /* ArRulerViewController.swift in Sources */ = {isa = PBXBuildFile; fileRef = 5C6C140E288DC77D007AFC38 /* ArRulerViewController.swift */; };
		5C6C1411288DC7A5007AFC38 /* Constant.swift in Sources */ = {isa = PBXBuildFile; fileRef = 5C6C1410288DC7A5007AFC38 /* Constant.swift */; };
		5C7CB9B928946F0F005C3541 /* MeasureViewController.swift in Sources */ = {isa = PBXBuildFile; fileRef = 5C7CB9B828946F0F005C3541 /* MeasureViewController.swift */; };
		E05E42A07A86A91ADB2C20B9 /* Pods_Golden_Calculator.framework in Frameworks */ = {isa = PBXBuildFile; fileRef = 556D7AA98A7326B2A92CD487 /* Pods_Golden_Calculator.framework */; };
/* End PBXBuildFile section */

/* Begin PBXFileReference section */
		07F222E10398D64F41BA82BF /* Pods-Golden-Calculator.debug.xcconfig */ = {isa = PBXFileReference; includeInIndex = 1; lastKnownFileType = text.xcconfig; name = "Pods-Golden-Calculator.debug.xcconfig"; path = "Target Support Files/Pods-Golden-Calculator/Pods-Golden-Calculator.debug.xcconfig"; sourceTree = "<group>"; };
		110E25E385A4EE21DA5E2A04 /* Pods-Golden-Calculator.release.xcconfig */ = {isa = PBXFileReference; includeInIndex = 1; lastKnownFileType = text.xcconfig; name = "Pods-Golden-Calculator.release.xcconfig"; path = "Target Support Files/Pods-Golden-Calculator/Pods-Golden-Calculator.release.xcconfig"; sourceTree = "<group>"; };
		556D7AA98A7326B2A92CD487 /* Pods_Golden_Calculator.framework */ = {isa = PBXFileReference; explicitFileType = wrapper.framework; includeInIndex = 0; path = Pods_Golden_Calculator.framework; sourceTree = BUILT_PRODUCTS_DIR; };
		5C4153DD28BA2CD4008996A3 /* GoogleService-Info.plist */ = {isa = PBXFileReference; fileEncoding = 4; lastKnownFileType = text.plist.xml; path = "GoogleService-Info.plist"; sourceTree = "<group>"; };
		5C4153DF28BA311E008996A3 /* CalculatorViewController.swift */ = {isa = PBXFileReference; fileEncoding = 4; lastKnownFileType = sourcecode.swift; path = CalculatorViewController.swift; sourceTree = "<group>"; };
		5C4153E128BA311E008996A3 /* UserDefaults.swift */ = {isa = PBXFileReference; fileEncoding = 4; lastKnownFileType = sourcecode.swift; path = UserDefaults.swift; sourceTree = "<group>"; };
		5C4153E228BA311E008996A3 /* OViewController.swift */ = {isa = PBXFileReference; fileEncoding = 4; lastKnownFileType = sourcecode.swift; path = OViewController.swift; sourceTree = "<group>"; };
		5C477F852891B3CE007B73E0 /* LiveCaptureController.swift */ = {isa = PBXFileReference; lastKnownFileType = sourcecode.swift; path = LiveCaptureController.swift; sourceTree = "<group>"; };
		5C477F892891D835007B73E0 /* SplashScreenViewController.swift */ = {isa = PBXFileReference; lastKnownFileType = sourcecode.swift; path = SplashScreenViewController.swift; sourceTree = "<group>"; };
		5C6C13F5288DC688007AFC38 /* Golden-Calculator.app */ = {isa = PBXFileReference; explicitFileType = wrapper.application; includeInIndex = 0; path = "Golden-Calculator.app"; sourceTree = BUILT_PRODUCTS_DIR; };
		5C6C13F8288DC688007AFC38 /* AppDelegate.swift */ = {isa = PBXFileReference; lastKnownFileType = sourcecode.swift; path = AppDelegate.swift; sourceTree = "<group>"; };
		5C6C13FA288DC688007AFC38 /* SceneDelegate.swift */ = {isa = PBXFileReference; lastKnownFileType = sourcecode.swift; path = SceneDelegate.swift; sourceTree = "<group>"; };
		5C6C13FC288DC688007AFC38 /* ViewController.swift */ = {isa = PBXFileReference; lastKnownFileType = sourcecode.swift; path = ViewController.swift; sourceTree = "<group>"; };
		5C6C13FF288DC688007AFC38 /* Base */ = {isa = PBXFileReference; lastKnownFileType = file.storyboard; name = Base; path = Base.lproj/Main.storyboard; sourceTree = "<group>"; };
		5C6C1401288DC68C007AFC38 /* Assets.xcassets */ = {isa = PBXFileReference; lastKnownFileType = folder.assetcatalog; path = Assets.xcassets; sourceTree = "<group>"; };
		5C6C1404288DC68C007AFC38 /* Base */ = {isa = PBXFileReference; lastKnownFileType = file.storyboard; name = Base; path = Base.lproj/LaunchScreen.storyboard; sourceTree = "<group>"; };
		5C6C1406288DC68C007AFC38 /* Info.plist */ = {isa = PBXFileReference; lastKnownFileType = text.plist.xml; path = Info.plist; sourceTree = "<group>"; };
		5C6C140C288DC757007AFC38 /* DataManager.swift */ = {isa = PBXFileReference; lastKnownFileType = sourcecode.swift; path = DataManager.swift; sourceTree = "<group>"; };
		5C6C140E288DC77D007AFC38 /* ArRulerViewController.swift */ = {isa = PBXFileReference; lastKnownFileType = sourcecode.swift; path = ArRulerViewController.swift; sourceTree = "<group>"; };
		5C6C1410288DC7A5007AFC38 /* Constant.swift */ = {isa = PBXFileReference; lastKnownFileType = sourcecode.swift; path = Constant.swift; sourceTree = "<group>"; };
		5C7CB9B828946F0F005C3541 /* MeasureViewController.swift */ = {isa = PBXFileReference; lastKnownFileType = sourcecode.swift; path = MeasureViewController.swift; sourceTree = "<group>"; };
/* End PBXFileReference section */

/* Begin PBXFrameworksBuildPhase section */
		5C6C13F2288DC688007AFC38 /* Frameworks */ = {
			isa = PBXFrameworksBuildPhase;
			buildActionMask = 2147483647;
			files = (
				E05E42A07A86A91ADB2C20B9 /* Pods_Golden_Calculator.framework in Frameworks */,
			);
			runOnlyForDeploymentPostprocessing = 0;
		};
/* End PBXFrameworksBuildPhase section */

/* Begin PBXGroup section */
		5C4153E028BA311E008996A3 /* Common */ = {
			isa = PBXGroup;
			children = (
				5C4153E128BA311E008996A3 /* UserDefaults.swift */,
			);
			path = Common;
			sourceTree = "<group>";
		};
		5C6C13EC288DC688007AFC38 = {
			isa = PBXGroup;
			children = (
				5C6C13F7288DC688007AFC38 /* Golden-Calculator */,
				5C6C13F6288DC688007AFC38 /* Products */,
				73BF1708D1DBFA741B6F585E /* Pods */,
				BAFB2E9C3F9A4B9522AC5BEC /* Frameworks */,
			);
			sourceTree = "<group>";
		};
		5C6C13F6288DC688007AFC38 /* Products */ = {
			isa = PBXGroup;
			children = (
				5C6C13F5288DC688007AFC38 /* Golden-Calculator.app */,
			);
			name = Products;
			sourceTree = "<group>";
		};
		5C6C13F7288DC688007AFC38 /* Golden-Calculator */ = {
			isa = PBXGroup;
			children = (
				5C4153DF28BA311E008996A3 /* CalculatorViewController.swift */,
				5C4153E028BA311E008996A3 /* Common */,
				5C4153E228BA311E008996A3 /* OViewController.swift */,
				5C4153DD28BA2CD4008996A3 /* GoogleService-Info.plist */,
				5C477F892891D835007B73E0 /* SplashScreenViewController.swift */,
				5C6C13F8288DC688007AFC38 /* AppDelegate.swift */,
				5C6C13FA288DC688007AFC38 /* SceneDelegate.swift */,
				5C6C13FC288DC688007AFC38 /* ViewController.swift */,
				5C6C13FE288DC688007AFC38 /* Main.storyboard */,
				5C6C1401288DC68C007AFC38 /* Assets.xcassets */,
				5C6C1403288DC68C007AFC38 /* LaunchScreen.storyboard */,
				5C6C1406288DC68C007AFC38 /* Info.plist */,
				5C6C140C288DC757007AFC38 /* DataManager.swift */,
				5C6C140E288DC77D007AFC38 /* ArRulerViewController.swift */,
				5C6C1410288DC7A5007AFC38 /* Constant.swift */,
				5C477F852891B3CE007B73E0 /* LiveCaptureController.swift */,
				5C7CB9B828946F0F005C3541 /* MeasureViewController.swift */,
			);
			path = "Golden-Calculator";
			sourceTree = "<group>";
		};
		73BF1708D1DBFA741B6F585E /* Pods */ = {
			isa = PBXGroup;
			children = (
				07F222E10398D64F41BA82BF /* Pods-Golden-Calculator.debug.xcconfig */,
				110E25E385A4EE21DA5E2A04 /* Pods-Golden-Calculator.release.xcconfig */,
			);
			path = Pods;
			sourceTree = "<group>";
		};
		BAFB2E9C3F9A4B9522AC5BEC /* Frameworks */ = {
			isa = PBXGroup;
			children = (
				556D7AA98A7326B2A92CD487 /* Pods_Golden_Calculator.framework */,
			);
			name = Frameworks;
			sourceTree = "<group>";
		};
/* End PBXGroup section */

/* Begin PBXNativeTarget section */
		5C6C13F4288DC688007AFC38 /* Golden-Calculator */ = {
			isa = PBXNativeTarget;
			buildConfigurationList = 5C6C1409288DC68C007AFC38 /* Build configuration list for PBXNativeTarget "Golden-Calculator" */;
			buildPhases = (
				F1ECB1697B35D8534D2ED3C3 /* [CP] Check Pods Manifest.lock */,
				5C6C13F1288DC688007AFC38 /* Sources */,
				5C6C13F2288DC688007AFC38 /* Frameworks */,
				5C6C13F3288DC688007AFC38 /* Resources */,
				1557ACBD9093C9DF9540C2CA /* [CP] Embed Pods Frameworks */,
			);
			buildRules = (
			);
			dependencies = (
			);
			name = "Golden-Calculator";
			productName = "Golden-Calculator";
			productReference = 5C6C13F5288DC688007AFC38 /* Golden-Calculator.app */;
			productType = "com.apple.product-type.application";
		};
/* End PBXNativeTarget section */

/* Begin PBXProject section */
		5C6C13ED288DC688007AFC38 /* Project object */ = {
			isa = PBXProject;
			attributes = {
				BuildIndependentTargetsInParallel = 1;
				LastSwiftUpdateCheck = 1300;
				LastUpgradeCheck = 1300;
				TargetAttributes = {
					5C6C13F4288DC688007AFC38 = {
						CreatedOnToolsVersion = 13.0;
					};
				};
			};
			buildConfigurationList = 5C6C13F0288DC688007AFC38 /* Build configuration list for PBXProject "Golden-Calculator" */;
			compatibilityVersion = "Xcode 13.0";
			developmentRegion = en;
			hasScannedForEncodings = 0;
			knownRegions = (
				en,
				Base,
			);
			mainGroup = 5C6C13EC288DC688007AFC38;
			productRefGroup = 5C6C13F6288DC688007AFC38 /* Products */;
			projectDirPath = "";
			projectRoot = "";
			targets = (
				5C6C13F4288DC688007AFC38 /* Golden-Calculator */,
			);
		};
/* End PBXProject section */

/* Begin PBXResourcesBuildPhase section */
		5C6C13F3288DC688007AFC38 /* Resources */ = {
			isa = PBXResourcesBuildPhase;
			buildActionMask = 2147483647;
			files = (
				5C6C1405288DC68C007AFC38 /* LaunchScreen.storyboard in Resources */,
				5C6C1402288DC68C007AFC38 /* Assets.xcassets in Resources */,
				5C4153DE28BA2CD5008996A3 /* GoogleService-Info.plist in Resources */,
				5C6C1400288DC688007AFC38 /* Main.storyboard in Resources */,
			);
			runOnlyForDeploymentPostprocessing = 0;
		};
/* End PBXResourcesBuildPhase section */

/* Begin PBXShellScriptBuildPhase section */
		1557ACBD9093C9DF9540C2CA /* [CP] Embed Pods Frameworks */ = {
			isa = PBXShellScriptBuildPhase;
			buildActionMask = 2147483647;
			files = (
			);
			inputFileListPaths = (
				"${PODS_ROOT}/Target Support Files/Pods-Golden-Calculator/Pods-Golden-Calculator-frameworks-${CONFIGURATION}-input-files.xcfilelist",
			);
			name = "[CP] Embed Pods Frameworks";
			outputFileListPaths = (
				"${PODS_ROOT}/Target Support Files/Pods-Golden-Calculator/Pods-Golden-Calculator-frameworks-${CONFIGURATION}-output-files.xcfilelist",
			);
			runOnlyForDeploymentPostprocessing = 0;
			shellPath = /bin/sh;
			shellScript = "\"${PODS_ROOT}/Target Support Files/Pods-Golden-Calculator/Pods-Golden-Calculator-frameworks.sh\"\n";
			showEnvVarsInLog = 0;
		};
		F1ECB1697B35D8534D2ED3C3 /* [CP] Check Pods Manifest.lock */ = {
			isa = PBXShellScriptBuildPhase;
			buildActionMask = 2147483647;
			files = (
			);
			inputFileListPaths = (
			);
			inputPaths = (
				"${PODS_PODFILE_DIR_PATH}/Podfile.lock",
				"${PODS_ROOT}/Manifest.lock",
			);
			name = "[CP] Check Pods Manifest.lock";
			outputFileListPaths = (
			);
			outputPaths = (
				"$(DERIVED_FILE_DIR)/Pods-Golden-Calculator-checkManifestLockResult.txt",
			);
			runOnlyForDeploymentPostprocessing = 0;
			shellPath = /bin/sh;
			shellScript = "diff \"${PODS_PODFILE_DIR_PATH}/Podfile.lock\" \"${PODS_ROOT}/Manifest.lock\" > /dev/null\nif [ $? != 0 ] ; then\n    # print error to STDERR\n    echo \"error: The sandbox is not in sync with the Podfile.lock. Run 'pod install' or update your CocoaPods installation.\" >&2\n    exit 1\nfi\n# This output is used by Xcode 'outputs' to avoid re-running this script phase.\necho \"SUCCESS\" > \"${SCRIPT_OUTPUT_FILE_0}\"\n";
			showEnvVarsInLog = 0;
		};
/* End PBXShellScriptBuildPhase section */

/* Begin PBXSourcesBuildPhase section */
		5C6C13F1288DC688007AFC38 /* Sources */ = {
			isa = PBXSourcesBuildPhase;
			buildActionMask = 2147483647;
			files = (
				5C4153E328BA311E008996A3 /* CalculatorViewController.swift in Sources */,
				5C6C13FD288DC688007AFC38 /* ViewController.swift in Sources */,
				5C6C140F288DC77D007AFC38 /* ArRulerViewController.swift in Sources */,
				5C4153E428BA311E008996A3 /* UserDefaults.swift in Sources */,
				5C7CB9B928946F0F005C3541 /* MeasureViewController.swift in Sources */,
				5C477F8A2891D835007B73E0 /* SplashScreenViewController.swift in Sources */,
				5C6C140D288DC757007AFC38 /* DataManager.swift in Sources */,
				5C477F862891B3CE007B73E0 /* LiveCaptureController.swift in Sources */,
				5C6C13F9288DC688007AFC38 /* AppDelegate.swift in Sources */,
				5C6C13FB288DC688007AFC38 /* SceneDelegate.swift in Sources */,
				5C4153E528BA311E008996A3 /* OViewController.swift in Sources */,
				5C6C1411288DC7A5007AFC38 /* Constant.swift in Sources */,
			);
			runOnlyForDeploymentPostprocessing = 0;
		};
/* End PBXSourcesBuildPhase section */

/* Begin PBXVariantGroup section */
		5C6C13FE288DC688007AFC38 /* Main.storyboard */ = {
			isa = PBXVariantGroup;
			children = (
				5C6C13FF288DC688007AFC38 /* Base */,
			);
			name = Main.storyboard;
			sourceTree = "<group>";
		};
		5C6C1403288DC68C007AFC38 /* LaunchScreen.storyboard */ = {
			isa = PBXVariantGroup;
			children = (
				5C6C1404288DC68C007AFC38 /* Base */,
			);
			name = LaunchScreen.storyboard;
			sourceTree = "<group>";
		};
/* End PBXVariantGroup section */

/* Begin XCBuildConfiguration section */
		5C6C1407288DC68C007AFC38 /* Debug */ = {
			isa = XCBuildConfiguration;
			buildSettings = {
				ALWAYS_SEARCH_USER_PATHS = NO;
				CLANG_ANALYZER_NONNULL = YES;
				CLANG_ANALYZER_NUMBER_OBJECT_CONVERSION = YES_AGGRESSIVE;
				CLANG_CXX_LANGUAGE_STANDARD = "gnu++17";
				CLANG_CXX_LIBRARY = "libc++";
				CLANG_ENABLE_MODULES = YES;
				CLANG_ENABLE_OBJC_ARC = YES;
				CLANG_ENABLE_OBJC_WEAK = YES;
				CLANG_WARN_BLOCK_CAPTURE_AUTORELEASING = YES;
				CLANG_WARN_BOOL_CONVERSION = YES;
				CLANG_WARN_COMMA = YES;
				CLANG_WARN_CONSTANT_CONVERSION = YES;
				CLANG_WARN_DEPRECATED_OBJC_IMPLEMENTATIONS = YES;
				CLANG_WARN_DIRECT_OBJC_ISA_USAGE = YES_ERROR;
				CLANG_WARN_DOCUMENTATION_COMMENTS = YES;
				CLANG_WARN_EMPTY_BODY = YES;
				CLANG_WARN_ENUM_CONVERSION = YES;
				CLANG_WARN_INFINITE_RECURSION = YES;
				CLANG_WARN_INT_CONVERSION = YES;
				CLANG_WARN_NON_LITERAL_NULL_CONVERSION = YES;
				CLANG_WARN_OBJC_IMPLICIT_RETAIN_SELF = YES;
				CLANG_WARN_OBJC_LITERAL_CONVERSION = YES;
				CLANG_WARN_OBJC_ROOT_CLASS = YES_ERROR;
				CLANG_WARN_QUOTED_INCLUDE_IN_FRAMEWORK_HEADER = YES;
				CLANG_WARN_RANGE_LOOP_ANALYSIS = YES;
				CLANG_WARN_STRICT_PROTOTYPES = YES;
				CLANG_WARN_SUSPICIOUS_MOVE = YES;
				CLANG_WARN_UNGUARDED_AVAILABILITY = YES_AGGRESSIVE;
				CLANG_WARN_UNREACHABLE_CODE = YES;
				CLANG_WARN__DUPLICATE_METHOD_MATCH = YES;
				COPY_PHASE_STRIP = NO;
				DEBUG_INFORMATION_FORMAT = dwarf;
				ENABLE_STRICT_OBJC_MSGSEND = YES;
				ENABLE_TESTABILITY = YES;
				GCC_C_LANGUAGE_STANDARD = gnu11;
				GCC_DYNAMIC_NO_PIC = NO;
				GCC_NO_COMMON_BLOCKS = YES;
				GCC_OPTIMIZATION_LEVEL = 0;
				GCC_PREPROCESSOR_DEFINITIONS = (
					"DEBUG=1",
					"$(inherited)",
				);
				GCC_WARN_64_TO_32_BIT_CONVERSION = YES;
				GCC_WARN_ABOUT_RETURN_TYPE = YES_ERROR;
				GCC_WARN_UNDECLARED_SELECTOR = YES;
				GCC_WARN_UNINITIALIZED_AUTOS = YES_AGGRESSIVE;
				GCC_WARN_UNUSED_FUNCTION = YES;
				GCC_WARN_UNUSED_VARIABLE = YES;
				IPHONEOS_DEPLOYMENT_TARGET = 15.0;
				MTL_ENABLE_DEBUG_INFO = INCLUDE_SOURCE;
				MTL_FAST_MATH = YES;
				ONLY_ACTIVE_ARCH = YES;
				SDKROOT = iphoneos;
				SWIFT_ACTIVE_COMPILATION_CONDITIONS = DEBUG;
				SWIFT_OPTIMIZATION_LEVEL = "-Onone";
			};
			name = Debug;
		};
		5C6C1408288DC68C007AFC38 /* Release */ = {
			isa = XCBuildConfiguration;
			buildSettings = {
				ALWAYS_SEARCH_USER_PATHS = NO;
				CLANG_ANALYZER_NONNULL = YES;
				CLANG_ANALYZER_NUMBER_OBJECT_CONVERSION = YES_AGGRESSIVE;
				CLANG_CXX_LANGUAGE_STANDARD = "gnu++17";
				CLANG_CXX_LIBRARY = "libc++";
				CLANG_ENABLE_MODULES = YES;
				CLANG_ENABLE_OBJC_ARC = YES;
				CLANG_ENABLE_OBJC_WEAK = YES;
				CLANG_WARN_BLOCK_CAPTURE_AUTORELEASING = YES;
				CLANG_WARN_BOOL_CONVERSION = YES;
				CLANG_WARN_COMMA = YES;
				CLANG_WARN_CONSTANT_CONVERSION = YES;
				CLANG_WARN_DEPRECATED_OBJC_IMPLEMENTATIONS = YES;
				CLANG_WARN_DIRECT_OBJC_ISA_USAGE = YES_ERROR;
				CLANG_WARN_DOCUMENTATION_COMMENTS = YES;
				CLANG_WARN_EMPTY_BODY = YES;
				CLANG_WARN_ENUM_CONVERSION = YES;
				CLANG_WARN_INFINITE_RECURSION = YES;
				CLANG_WARN_INT_CONVERSION = YES;
				CLANG_WARN_NON_LITERAL_NULL_CONVERSION = YES;
				CLANG_WARN_OBJC_IMPLICIT_RETAIN_SELF = YES;
				CLANG_WARN_OBJC_LITERAL_CONVERSION = YES;
				CLANG_WARN_OBJC_ROOT_CLASS = YES_ERROR;
				CLANG_WARN_QUOTED_INCLUDE_IN_FRAMEWORK_HEADER = YES;
				CLANG_WARN_RANGE_LOOP_ANALYSIS = YES;
				CLANG_WARN_STRICT_PROTOTYPES = YES;
				CLANG_WARN_SUSPICIOUS_MOVE = YES;
				CLANG_WARN_UNGUARDED_AVAILABILITY = YES_AGGRESSIVE;
				CLANG_WARN_UNREACHABLE_CODE = YES;
				CLANG_WARN__DUPLICATE_METHOD_MATCH = YES;
				COPY_PHASE_STRIP = NO;
				DEBUG_INFORMATION_FORMAT = "dwarf-with-dsym";
				ENABLE_NS_ASSERTIONS = NO;
				ENABLE_STRICT_OBJC_MSGSEND = YES;
				GCC_C_LANGUAGE_STANDARD = gnu11;
				GCC_NO_COMMON_BLOCKS = YES;
				GCC_WARN_64_TO_32_BIT_CONVERSION = YES;
				GCC_WARN_ABOUT_RETURN_TYPE = YES_ERROR;
				GCC_WARN_UNDECLARED_SELECTOR = YES;
				GCC_WARN_UNINITIALIZED_AUTOS = YES_AGGRESSIVE;
				GCC_WARN_UNUSED_FUNCTION = YES;
				GCC_WARN_UNUSED_VARIABLE = YES;
				IPHONEOS_DEPLOYMENT_TARGET = 15.0;
				MTL_ENABLE_DEBUG_INFO = NO;
				MTL_FAST_MATH = YES;
				SDKROOT = iphoneos;
				SWIFT_COMPILATION_MODE = wholemodule;
				SWIFT_OPTIMIZATION_LEVEL = "-O";
				VALIDATE_PRODUCT = YES;
			};
			name = Release;
		};
		5C6C140A288DC68C007AFC38 /* Debug */ = {
			isa = XCBuildConfiguration;
			baseConfigurationReference = 07F222E10398D64F41BA82BF /* Pods-Golden-Calculator.debug.xcconfig */;
			buildSettings = {
				ASSETCATALOG_COMPILER_APPICON_NAME = AppIcon;
				ASSETCATALOG_COMPILER_GLOBAL_ACCENT_COLOR_NAME = AccentColor;
				CODE_SIGN_STYLE = Automatic;
				CURRENT_PROJECT_VERSION = 1;
				DEVELOPMENT_TEAM = 6P8PB3983R;
				GENERATE_INFOPLIST_FILE = YES;
				INFOPLIST_FILE = "Golden-Calculator/Info.plist";
				INFOPLIST_KEY_CFBundleDisplayName = GOLD;
				INFOPLIST_KEY_NSCameraUsageDescription = "\"Gold\" app uses camera to measure objects.";
				INFOPLIST_KEY_UIApplicationSupportsIndirectInputEvents = YES;
				INFOPLIST_KEY_UILaunchStoryboardName = LaunchScreen;
				INFOPLIST_KEY_UIMainStoryboardFile = Main;
				INFOPLIST_KEY_UIRequiredDeviceCapabilities = armv7;
				INFOPLIST_KEY_UISupportedInterfaceOrientations = "UIInterfaceOrientationPortrait UIInterfaceOrientationPortraitUpsideDown";
				INFOPLIST_KEY_UISupportedInterfaceOrientations_iPad = "UIInterfaceOrientationPortrait UIInterfaceOrientationPortraitUpsideDown UIInterfaceOrientationLandscapeLeft UIInterfaceOrientationLandscapeRight";
				INFOPLIST_KEY_UISupportedInterfaceOrientations_iPhone = "UIInterfaceOrientationPortrait UIInterfaceOrientationLandscapeLeft UIInterfaceOrientationLandscapeRight";
				LD_RUNPATH_SEARCH_PATHS = (
					"$(inherited)",
					"@executable_path/Frameworks",
				);
				MARKETING_VERSION = 1.1;
				PRODUCT_BUNDLE_IDENTIFIER = gold.calculator;
				PRODUCT_NAME = "$(TARGET_NAME)";
				SWIFT_EMIT_LOC_STRINGS = YES;
				SWIFT_VERSION = 5.0;
				TARGETED_DEVICE_FAMILY = 1;
			};
			name = Debug;
		};
		5C6C140B288DC68C007AFC38 /* Release */ = {
			isa = XCBuildConfiguration;
			baseConfigurationReference = 110E25E385A4EE21DA5E2A04 /* Pods-Golden-Calculator.release.xcconfig */;
			buildSettings = {
				ASSETCATALOG_COMPILER_APPICON_NAME = AppIcon;
				ASSETCATALOG_COMPILER_GLOBAL_ACCENT_COLOR_NAME = AccentColor;
				CODE_SIGN_STYLE = Automatic;
				CURRENT_PROJECT_VERSION = 1;
				DEVELOPMENT_TEAM = 6P8PB3983R;
				GENERATE_INFOPLIST_FILE = YES;
				INFOPLIST_FILE = "Golden-Calculator/Info.plist";
				INFOPLIST_KEY_CFBundleDisplayName = GOLD;
				INFOPLIST_KEY_NSCameraUsageDescription = "\"Gold\" app uses camera to measure objects.";
				INFOPLIST_KEY_UIApplicationSupportsIndirectInputEvents = YES;
				INFOPLIST_KEY_UILaunchStoryboardName = LaunchScreen;
				INFOPLIST_KEY_UIMainStoryboardFile = Main;
				INFOPLIST_KEY_UIRequiredDeviceCapabilities = armv7;
				INFOPLIST_KEY_UISupportedInterfaceOrientations = "UIInterfaceOrientationPortrait UIInterfaceOrientationPortraitUpsideDown";
				INFOPLIST_KEY_UISupportedInterfaceOrientations_iPad = "UIInterfaceOrientationPortrait UIInterfaceOrientationPortraitUpsideDown UIInterfaceOrientationLandscapeLeft UIInterfaceOrientationLandscapeRight";
				INFOPLIST_KEY_UISupportedInterfaceOrientations_iPhone = "UIInterfaceOrientationPortrait UIInterfaceOrientationLandscapeLeft UIInterfaceOrientationLandscapeRight";
				LD_RUNPATH_SEARCH_PATHS = (
					"$(inherited)",
					"@executable_path/Frameworks",
				);
				MARKETING_VERSION = 1.1;
				PRODUCT_BUNDLE_IDENTIFIER = gold.calculator;
				PRODUCT_NAME = "$(TARGET_NAME)";
				SWIFT_EMIT_LOC_STRINGS = YES;
				SWIFT_VERSION = 5.0;
				TARGETED_DEVICE_FAMILY = 1;
			};
			name = Release;
		};
/* End XCBuildConfiguration section */

/* Begin XCConfigurationList section */
		5C6C13F0288DC688007AFC38 /* Build configuration list for PBXProject "Golden-Calculator" */ = {
			isa = XCConfigurationList;
			buildConfigurations = (
				5C6C1407288DC68C007AFC38 /* Debug */,
				5C6C1408288DC68C007AFC38 /* Release */,
			);
			defaultConfigurationIsVisible = 0;
			defaultConfigurationName = Release;
		};
		5C6C1409288DC68C007AFC38 /* Build configuration list for PBXNativeTarget "Golden-Calculator" */ = {
			isa = XCConfigurationList;
			buildConfigurations = (
				5C6C140A288DC68C007AFC38 /* Debug */,
				5C6C140B288DC68C007AFC38 /* Release */,
			);
			defaultConfigurationIsVisible = 0;
			defaultConfigurationName = Release;
		};
/* End XCConfigurationList section */
	};
	rootObject = 5C6C13ED288DC688007AFC38 /* Project object */;
}
